{
  "name": "mikro-orm-filter-cycle-repro",
  "lockfileVersion": 3,
  "requires": true,
  "packages": {
    "": {
      "name": "mikro-orm-filter-cycle-repro",
      "dependencies": {
        "@mikro-orm/core": "7.1.14",
        "@mikro-orm/sqlite": "7.1.14"
      }
    },
    "node_modules/@mikro-orm/core": {
      "version": "7.1.14",
      "resolved": "https://registry.npmjs.org/@mikro-orm/core/-/core-7.1.14.tgz",
      "integrity": "sha512-q/2UWNX7Z9ZLgwkG6yHtKki3RnQ/ETygrSLXfvBXnaXPQvOY/G9PK/RJLoclo7UtHiHIOmbh/iiwiXiErfpBaQ==",
      "license": "MIT",
      "engines": {
        "node": ">= 22.17.0"
      },
      "funding": {
        "url": "https://github.com/sponsors/b4nan"
      },
      "peerDependencies": {
        "dataloader": "2.2.3"
      },
      "peerDependenciesMeta": {
        "dataloader": {
          "optional": true
        }
      }
    },
    "node_modules/@mikro-orm/sql": {
      "version": "7.1.14",
      "resolved": "https://registry.npmjs.org/@mikro-orm/sql/-/sql-7.1.14.tgz",
      "integrity": "sha512-4deS9ep+CVPx48z6AdE6KUPdUbMRNvCsaA4XQPU8YRf3D501z6SIxwk/9JyIWtR3r1DwHYGdwfYUjckPSC9BmQ==",
      "license": "MIT",
      "dependencies": {
        "kysely": "0.29.5"
      },
      "engines": {
        "node": ">= 22.17.0"
      },
      "peerDependencies": {
        "@mikro-orm/core": "7.1.14"
      }
    },
    "node_modules/@mikro-orm/sqlite": {
      "version": "7.1.14",
      "resolved": "https://registry.npmjs.org/@mikro-orm/sqlite/-/sqlite-7.1.14.tgz",
      "integrity": "sha512-tfjpB3knnkvfxBUVZotKleAUYX1rWzxsJsjvflgLjSr4LZpyhEgab2Rz8YZ2QpywPApbMwdd9YBgTtt66e+8Cw==",
      "license": "MIT",
      "dependencies": {
        "@mikro-orm/sql": "7.1.14",
        "better-sqlite3": "13.0.3",
        "kysely": "0.29.5"
      },
      "engines": {
        "node": ">= 22.17.0"
      },
      "peerDependencies": {
        "@mikro-orm/core": "7.1.14"
      }
    },
    "node_modules/better-sqlite3": {
      "version": "13.0.3",
      "resolved": "https://registry.npmjs.org/better-sqlite3/-/better-sqlite3-13.0.3.tgz",
      "integrity": "sha512-RbOBxmLBG8uvFUc15X9+9SFemKcQ0WBuISBVkpuiaUB2qblC8UWlHEjdWVoZ8AdhSwmoEgsiXKfopX0CQxaACQ==",
      "hasInstallScript": true,
      "license": "MIT",
      "dependencies": {
        "node-addon-api": "^8.0.0"
      },
      "engines": {
        "node": ">=22"
      }
    },
    "node_modules/kysely": {
      "version": "0.29.5",
      "resolved": "https://registry.npmjs.org/kysely/-/kysely-0.29.5.tgz",
      "integrity": "sha512-ooa+eSbBNPTo3MycPEuW5jdrxQdQwdtB3LC3h43FiXQbIry5tR0C5lDG7eealK0E4D7XjrnOP5DIUg/LyjRMYQ==",
      "license": "MIT",
      "engines": {
        "node": ">=22.0.0"
      }
    },
    "node_modules/node-addon-api": {
      "version": "8.9.2",
      "resolved": "https://registry.npmjs.org/node-addon-api/-/node-addon-api-8.9.2.tgz",
      "integrity": "sha512-VijLXbi3UACN69I0JVXJsX4tjACjNoQDgv2gTF6sx2wWEi8tkSg2eX8p5gSIFi8z2+DL3oHmY6OyKce38SDolg==",
      "license": "MIT",
      "engines": {
        "node": "^18 || ^20 || >= 21"
      }
    }
  }
}
